
Microsoft Visual Studio Solution File, Format Version 12.00
# Visual Studio Version 16
VisualStudioVersion = 16.0.29709.97
MinimumVisualStudioVersion = 10.0.40219.1
Project("{FAE04EC0-301F-11D3-BF4B-00C04F79EFBC}") = "CryptoRypto", "CryptoRypto\CryptoRypto.csproj", "{C9C8A0E3-F2EA-4F9D-94AB-53B33D4F4AB4}"
EndProject
Project("{2150E333-8FDC-42A3-9474-1A3956D46DE8}") = "ChatServer", "ChatServer", "{FD1C4A7E-2936-4E27-A980-EF0792B60F12}"
EndProject
Project("{FAE04EC0-301F-11D3-BF4B-00C04F79EFBC}") = "DummyServer", "DummyServer\DummyServer.csproj", "{65C1AA19-8C32-4ACD-959F-B82C9C8C050F}"
EndProject
Project("{FAE04EC0-301F-11D3-BF4B-00C04F79EFBC}") = "DummyClient", "DummyClient\DummyClient.csproj", "{7E2E968E-01D4-479D-BF50-1D8DADD136C1}"
EndProject
Global
	GlobalSection(SolutionConfigurationPlatforms) = preSolution
		Debug|Any CPU = Debug|Any CPU
		Release|Any CPU = Release|Any CPU
	EndGlobalSection
	GlobalSection(ProjectConfigurationPlatforms) = postSolution
		{C9C8A0E3-F2EA-4F9D-94AB-53B33D4F4AB4}.Debug|Any CPU.ActiveCfg = Debug|Any CPU
		{C9C8A0E3-F2EA-4F9D-94AB-53B33D4F4AB4}.Debug|Any CPU.Build.0 = Debug|Any CPU
		{C9C8A0E3-F2EA-4F9D-94AB-53B33D4F4AB4}.Release|Any CPU.ActiveCfg = Release|Any CPU
		{C9C8A0E3-F2EA-4F9D-94AB-53B33D4F4AB4}.Release|Any CPU.Build.0 = Release|Any CPU
		{65C1AA19-8C32-4ACD-959F-B82C9C8C050F}.Debug|Any CPU.ActiveCfg = Debug|Any CPU
		{65C1AA19-8C32-4ACD-959F-B82C9C8C050F}.Debug|Any CPU.Build.0 = Debug|Any CPU
		{65C1AA19-8C32-4ACD-959F-B82C9C8C050F}.Release|Any CPU.ActiveCfg = Release|Any CPU
		{65C1AA19-8C32-4ACD-959F-B82C9C8C050F}.Release|Any CPU.Build.0 = Release|Any CPU
		{7E2E968E-01D4-479D-BF50-1D8DADD136C1}.Debug|Any CPU.ActiveCfg = Debug|Any CPU
		{7E2E968E-01D4-479D-BF50-1D8DADD136C1}.Debug|Any CPU.Build.0 = Debug|Any CPU
		{7E2E968E-01D4-479D-BF50-1D8DADD136C1}.Release|Any CPU.ActiveCfg = Release|Any CPU
		{7E2E968E-01D4-479D-BF50-1D8DADD136C1}.Release|Any CPU.Build.0 = Release|Any CPU
	EndGlobalSection
	GlobalSection(SolutionProperties) = preSolution
		HideSolutionNode = FALSE
	EndGlobalSection
	GlobalSection(NestedProjects) = preSolution
		{65C1AA19-8C32-4ACD-959F-B82C9C8C050F} = {FD1C4A7E-2936-4E27-A980-EF0792B60F12}
		{7E2E968E-01D4-479D-BF50-1D8DADD136C1} = {FD1C4A7E-2936-4E27-A980-EF0792B60F12}
	EndGlobalSection
	GlobalSection(ExtensibilityGlobals) = postSolution
		SolutionGuid = {01588530-9460-4386-8FD6-0CDF08CC815C}
	EndGlobalSection
EndGlobal
