
Microsoft Visual Studio Solution File, Format Version 12.00
# Visual Studio Version 16
VisualStudioVersion = 16.0.30225.117
MinimumVisualStudioVersion = 10.0.40219.1
Project("{2150E333-8FDC-42A3-9474-1A3956D46DE8}") = "FolderWatcher", "FolderWatcher", "{FD1C4A7E-2936-4E27-A980-EF0792B60F12}"
EndProject
Project("{9A19103F-16F7-4668-BE54-9A1E7A4F7556}") = "PandaServer", "DummyServer\PandaServer.csproj", "{65C1AA19-8C32-4ACD-959F-B82C9C8C050F}"
EndProject
Project("{9A19103F-16F7-4668-BE54-9A1E7A4F7556}") = "PandaClient", "DummyClient\PandaClient.csproj", "{7E2E968E-01D4-479D-BF50-1D8DADD136C1}"
EndProject
Project("{9A19103F-16F7-4668-BE54-9A1E7A4F7556}") = "PandaLibrary", "Library\PandaLibrary.csproj", "{3375A2CF-ED3B-438A-8EEA-9C7506C34182}"
EndProject
Project("{9A19103F-16F7-4668-BE54-9A1E7A4F7556}") = "FolderWatcherClient", "FolderWatcher\FolderWatcherClient.csproj", "{CDE7390C-9DF2-43FA-BD95-C4496DC8FA9D}"
EndProject
Project("{9A19103F-16F7-4668-BE54-9A1E7A4F7556}") = "CalculatorServer", "Calculator\CalculatorServer.csproj", "{CD05126D-0412-4721-839A-015B1CC17315}"
EndProject
Project("{2150E333-8FDC-42A3-9474-1A3956D46DE8}") = "Calc", "Calc", "{5D812CA1-B3BF-484C-A34D-2F0712B97380}"
EndProject
Project("{2150E333-8FDC-42A3-9474-1A3956D46DE8}") = "PandaFramework", "PandaFramework", "{B07BACB6-07CC-4E7C-88E2-F53FB64D3A2C}"
EndProject
Project("{9A19103F-16F7-4668-BE54-9A1E7A4F7556}") = "FolderWatcherServer", "FolderWatcherServer\FolderWatcherServer.csproj", "{7DE9F91F-8017-45ED-B770-7BD7F8F8C223}"
EndProject
Project("{FAE04EC0-301F-11D3-BF4B-00C04F79EFBC}") = "CalcClient", "CalcClient\CalcClient.csproj", "{D0A9E7E7-C54E-4AF5-9165-2FC1AD36B8D6}"
EndProject
Project("{FAE04EC0-301F-11D3-BF4B-00C04F79EFBC}") = "FolderWatcher.Domain", "FolderWatcher.Domain\FolderWatcher.Domain.csproj", "{441C9E74-F3AD-4B45-A635-D1A59074662A}"
EndProject
Project("{FAE04EC0-301F-11D3-BF4B-00C04F79EFBC}") = "FolderWatcherServerTest", "FolderWatcherServerTest\FolderWatcherServerTest.csproj", "{8E356AFD-3074-47B4-8EBE-2488D31A0259}"
EndProject
Global
	GlobalSection(SolutionConfigurationPlatforms) = preSolution
		Debug|Any CPU = Debug|Any CPU
		Release|Any CPU = Release|Any CPU
	EndGlobalSection
	GlobalSection(ProjectConfigurationPlatforms) = postSolution
		{65C1AA19-8C32-4ACD-959F-B82C9C8C050F}.Debug|Any CPU.ActiveCfg = Debug|Any CPU
		{65C1AA19-8C32-4ACD-959F-B82C9C8C050F}.Debug|Any CPU.Build.0 = Debug|Any CPU
		{65C1AA19-8C32-4ACD-959F-B82C9C8C050F}.Release|Any CPU.ActiveCfg = Release|Any CPU
		{65C1AA19-8C32-4ACD-959F-B82C9C8C050F}.Release|Any CPU.Build.0 = Release|Any CPU
		{7E2E968E-01D4-479D-BF50-1D8DADD136C1}.Debug|Any CPU.ActiveCfg = Debug|Any CPU
		{7E2E968E-01D4-479D-BF50-1D8DADD136C1}.Debug|Any CPU.Build.0 = Debug|Any CPU
		{7E2E968E-01D4-479D-BF50-1D8DADD136C1}.Release|Any CPU.ActiveCfg = Release|Any CPU
		{7E2E968E-01D4-479D-BF50-1D8DADD136C1}.Release|Any CPU.Build.0 = Release|Any CPU
		{3375A2CF-ED3B-438A-8EEA-9C7506C34182}.Debug|Any CPU.ActiveCfg = Debug|Any CPU
		{3375A2CF-ED3B-438A-8EEA-9C7506C34182}.Debug|Any CPU.Build.0 = Debug|Any CPU
		{3375A2CF-ED3B-438A-8EEA-9C7506C34182}.Release|Any CPU.ActiveCfg = Release|Any CPU
		{3375A2CF-ED3B-438A-8EEA-9C7506C34182}.Release|Any CPU.Build.0 = Release|Any CPU
		{CDE7390C-9DF2-43FA-BD95-C4496DC8FA9D}.Debug|Any CPU.ActiveCfg = Debug|Any CPU
		{CDE7390C-9DF2-43FA-BD95-C4496DC8FA9D}.Debug|Any CPU.Build.0 = Debug|Any CPU
		{CDE7390C-9DF2-43FA-BD95-C4496DC8FA9D}.Release|Any CPU.ActiveCfg = Release|Any CPU
		{CDE7390C-9DF2-43FA-BD95-C4496DC8FA9D}.Release|Any CPU.Build.0 = Release|Any CPU
		{CD05126D-0412-4721-839A-015B1CC17315}.Debug|Any CPU.ActiveCfg = Debug|Any CPU
		{CD05126D-0412-4721-839A-015B1CC17315}.Debug|Any CPU.Build.0 = Debug|Any CPU
		{CD05126D-0412-4721-839A-015B1CC17315}.Release|Any CPU.ActiveCfg = Release|Any CPU
		{CD05126D-0412-4721-839A-015B1CC17315}.Release|Any CPU.Build.0 = Release|Any CPU
		{7DE9F91F-8017-45ED-B770-7BD7F8F8C223}.Debug|Any CPU.ActiveCfg = Debug|Any CPU
		{7DE9F91F-8017-45ED-B770-7BD7F8F8C223}.Debug|Any CPU.Build.0 = Debug|Any CPU
		{7DE9F91F-8017-45ED-B770-7BD7F8F8C223}.Release|Any CPU.ActiveCfg = Release|Any CPU
		{7DE9F91F-8017-45ED-B770-7BD7F8F8C223}.Release|Any CPU.Build.0 = Release|Any CPU
		{D0A9E7E7-C54E-4AF5-9165-2FC1AD36B8D6}.Debug|Any CPU.ActiveCfg = Debug|Any CPU
		{D0A9E7E7-C54E-4AF5-9165-2FC1AD36B8D6}.Debug|Any CPU.Build.0 = Debug|Any CPU
		{D0A9E7E7-C54E-4AF5-9165-2FC1AD36B8D6}.Release|Any CPU.ActiveCfg = Release|Any CPU
		{D0A9E7E7-C54E-4AF5-9165-2FC1AD36B8D6}.Release|Any CPU.Build.0 = Release|Any CPU
		{441C9E74-F3AD-4B45-A635-D1A59074662A}.Debug|Any CPU.ActiveCfg = Debug|Any CPU
		{441C9E74-F3AD-4B45-A635-D1A59074662A}.Debug|Any CPU.Build.0 = Debug|Any CPU
		{441C9E74-F3AD-4B45-A635-D1A59074662A}.Release|Any CPU.ActiveCfg = Release|Any CPU
		{441C9E74-F3AD-4B45-A635-D1A59074662A}.Release|Any CPU.Build.0 = Release|Any CPU
		{8E356AFD-3074-47B4-8EBE-2488D31A0259}.Debug|Any CPU.ActiveCfg = Debug|Any CPU
		{8E356AFD-3074-47B4-8EBE-2488D31A0259}.Debug|Any CPU.Build.0 = Debug|Any CPU
		{8E356AFD-3074-47B4-8EBE-2488D31A0259}.Release|Any CPU.ActiveCfg = Release|Any CPU
		{8E356AFD-3074-47B4-8EBE-2488D31A0259}.Release|Any CPU.Build.0 = Release|Any CPU
	EndGlobalSection
	GlobalSection(SolutionProperties) = preSolution
		HideSolutionNode = FALSE
	EndGlobalSection
	GlobalSection(NestedProjects) = preSolution
		{65C1AA19-8C32-4ACD-959F-B82C9C8C050F} = {B07BACB6-07CC-4E7C-88E2-F53FB64D3A2C}
		{7E2E968E-01D4-479D-BF50-1D8DADD136C1} = {B07BACB6-07CC-4E7C-88E2-F53FB64D3A2C}
		{3375A2CF-ED3B-438A-8EEA-9C7506C34182} = {B07BACB6-07CC-4E7C-88E2-F53FB64D3A2C}
		{CDE7390C-9DF2-43FA-BD95-C4496DC8FA9D} = {FD1C4A7E-2936-4E27-A980-EF0792B60F12}
		{CD05126D-0412-4721-839A-015B1CC17315} = {5D812CA1-B3BF-484C-A34D-2F0712B97380}
		{7DE9F91F-8017-45ED-B770-7BD7F8F8C223} = {FD1C4A7E-2936-4E27-A980-EF0792B60F12}
		{D0A9E7E7-C54E-4AF5-9165-2FC1AD36B8D6} = {5D812CA1-B3BF-484C-A34D-2F0712B97380}
		{441C9E74-F3AD-4B45-A635-D1A59074662A} = {FD1C4A7E-2936-4E27-A980-EF0792B60F12}
		{8E356AFD-3074-47B4-8EBE-2488D31A0259} = {FD1C4A7E-2936-4E27-A980-EF0792B60F12}
	EndGlobalSection
	GlobalSection(ExtensibilityGlobals) = postSolution
		SolutionGuid = {01588530-9460-4386-8FD6-0CDF08CC815C}
	EndGlobalSection
EndGlobal
